
Microsoft Visual Studio Solution File, Format Version 12.00
# Visual Studio Version 17
VisualStudioVersion = 17.8.34511.84
MinimumVisualStudioVersion = 10.0.40219.1
Project("{2150E333-8FDC-42A3-9474-1A3956D46DE8}") = "HomeWork3", "HomeWork3", "{6E535DF4-7C10-45F7-B760-05E8B7D924D2}"
EndProject
Project("{FAE04EC0-301F-11D3-BF4B-00C04F79EFBC}") = "Task1", "Task1\Task1.csproj", "{4806667F-A488-4C7E-B14A-0BF0E5F384EE}"
EndProject
Global
	GlobalSection(SolutionConfigurationPlatforms) = preSolution
		Debug|Any CPU = Debug|Any CPU
		Release|Any CPU = Release|Any CPU
	EndGlobalSection
	GlobalSection(ProjectConfigurationPlatforms) = postSolution
		{4806667F-A488-4C7E-B14A-0BF0E5F384EE}.Debug|Any CPU.ActiveCfg = Debug|Any CPU
		{4806667F-A488-4C7E-B14A-0BF0E5F384EE}.Debug|Any CPU.Build.0 = Debug|Any CPU
		{4806667F-A488-4C7E-B14A-0BF0E5F384EE}.Release|Any CPU.ActiveCfg = Release|Any CPU
		{4806667F-A488-4C7E-B14A-0BF0E5F384EE}.Release|Any CPU.Build.0 = Release|Any CPU
	EndGlobalSection
	GlobalSection(SolutionProperties) = preSolution
		HideSolutionNode = FALSE
	EndGlobalSection
	GlobalSection(NestedProjects) = preSolution
		{4806667F-A488-4C7E-B14A-0BF0E5F384EE} = {6E535DF4-7C10-45F7-B760-05E8B7D924D2}
	EndGlobalSection
	GlobalSection(ExtensibilityGlobals) = postSolution
		SolutionGuid = {6563FAB4-C4AB-4542-878B-4826B1627A9B}
	EndGlobalSection
EndGlobal
