
Microsoft Visual Studio Solution File, Format Version 12.00
# Visual Studio Version 17
VisualStudioVersion = 17.8.34511.84
MinimumVisualStudioVersion = 10.0.40219.1
Project("{2150E333-8FDC-42A3-9474-1A3956D46DE8}") = "HomeWork3", "HomeWork3", "{8BA523EE-860E-412C-A5E3-8E0A52B56C9E}"
EndProject
Project("{9A19103F-16F7-4668-BE54-9A1E7A4F7556}") = "Task1", "HomeWork3\Task1\Task1.csproj", "{EE064F0C-EEAD-4D2E-9CFF-03562B616A46}"
EndProject
Project("{9A19103F-16F7-4668-BE54-9A1E7A4F7556}") = "Task2", "HomeWork3\Task2\Task2.csproj", "{1BE19C6A-79B1-4D1E-83C0-7D25304E6CF7}"
EndProject
Project("{9A19103F-16F7-4668-BE54-9A1E7A4F7556}") = "Task3", "HomeWork3\Task3\Task3.csproj", "{A28262EF-0238-4C00-AA6D-0638C3A82489}"
EndProject
Project("{9A19103F-16F7-4668-BE54-9A1E7A4F7556}") = "Task4", "HomeWork3\Task4\Task4.csproj", "{67803064-F6A0-497B-9E14-BDC16F2168F8}"
EndProject
Project("{9A19103F-16F7-4668-BE54-9A1E7A4F7556}") = "Task5", "HomeWork3\Task5\Task5.csproj", "{29A8CF40-EF20-4E43-8CED-8D902A81F269}"
EndProject
Project("{2150E333-8FDC-42A3-9474-1A3956D46DE8}") = "HomeWork4", "HomeWork4", "{AA29FDBC-9214-456F-853F-0D66FCAD4145}"
EndProject
Project("{9A19103F-16F7-4668-BE54-9A1E7A4F7556}") = "Task1", "HomeWork4\Task1\Task1.csproj", "{51A7C1AC-B4CD-4213-88E8-E20335A86A28}"
EndProject
Project("{9A19103F-16F7-4668-BE54-9A1E7A4F7556}") = "Task3", "HomeWork4\Task3\Task3.csproj", "{3C93CBD3-2721-40A0-B59D-3A58AE993FBC}"
EndProject
Project("{9A19103F-16F7-4668-BE54-9A1E7A4F7556}") = "Task4", "HomeWork4\Task4\Task4.csproj", "{47FB6156-C10F-4413-9616-213F42580541}"
EndProject
Project("{9A19103F-16F7-4668-BE54-9A1E7A4F7556}") = "Task5", "HomeWork4\Task5\Task5.csproj", "{978DB0ED-10A6-4321-9CAD-D8D58F0AFDFD}"
EndProject
Project("{9A19103F-16F7-4668-BE54-9A1E7A4F7556}") = "Task6", "HomeWork4\Task6\Task6.csproj", "{785367D1-85B5-4788-A1B7-8BA89D7C46CC}"
EndProject
Project("{9A19103F-16F7-4668-BE54-9A1E7A4F7556}") = "Task7", "HomeWork4\Task7\Task7.csproj", "{6CC3330F-FBE3-4EF0-AA3C-9E379470C8CF}"
EndProject
Project("{9A19103F-16F7-4668-BE54-9A1E7A4F7556}") = "Task8", "HomeWork4\Task8\Task8.csproj", "{37678A6F-721F-44FB-92D3-489956DEE62B}"
EndProject
Project("{9A19103F-16F7-4668-BE54-9A1E7A4F7556}") = "Task9", "HomeWork4\Task9\Task9.csproj", "{3A9CFD2D-6213-4A8A-BA6A-BBD3E2F461DA}"
EndProject
Project("{9A19103F-16F7-4668-BE54-9A1E7A4F7556}") = "Task10", "HomeWork4\Task10\Task10.csproj", "{7B17E451-C416-46B3-9E5C-8540411891F6}"
EndProject
Project("{9A19103F-16F7-4668-BE54-9A1E7A4F7556}") = "Task11", "HomeWork4\Task11\Task11.csproj", "{3E1FA12E-E2E3-47F4-B43C-A735FA6634FD}"
EndProject
Project("{FAE04EC0-301F-11D3-BF4B-00C04F79EFBC}") = "Task2", "HomeWork4\Task2\Task2.csproj", "{E2A88C3B-65A4-48A7-AB94-B14094BA11F9}"
EndProject
Project("{FAE04EC0-301F-11D3-BF4B-00C04F79EFBC}") = "Task12", "HomeWork4\Task12\Task12.csproj", "{17F9A856-0D7A-4546-92F0-314BE624346A}"
EndProject
Project("{FAE04EC0-301F-11D3-BF4B-00C04F79EFBC}") = "Task13", "HomeWork4\Task13\Task13.csproj", "{7DD75D57-E660-4862-8E80-079B364854DB}"
EndProject
Global
	GlobalSection(SolutionConfigurationPlatforms) = preSolution
		Debug|Any CPU = Debug|Any CPU
		Release|Any CPU = Release|Any CPU
	EndGlobalSection
	GlobalSection(ProjectConfigurationPlatforms) = postSolution
		{EE064F0C-EEAD-4D2E-9CFF-03562B616A46}.Debug|Any CPU.ActiveCfg = Debug|Any CPU
		{EE064F0C-EEAD-4D2E-9CFF-03562B616A46}.Debug|Any CPU.Build.0 = Debug|Any CPU
		{EE064F0C-EEAD-4D2E-9CFF-03562B616A46}.Release|Any CPU.ActiveCfg = Release|Any CPU
		{EE064F0C-EEAD-4D2E-9CFF-03562B616A46}.Release|Any CPU.Build.0 = Release|Any CPU
		{1BE19C6A-79B1-4D1E-83C0-7D25304E6CF7}.Debug|Any CPU.ActiveCfg = Debug|Any CPU
		{1BE19C6A-79B1-4D1E-83C0-7D25304E6CF7}.Debug|Any CPU.Build.0 = Debug|Any CPU
		{1BE19C6A-79B1-4D1E-83C0-7D25304E6CF7}.Release|Any CPU.ActiveCfg = Release|Any CPU
		{1BE19C6A-79B1-4D1E-83C0-7D25304E6CF7}.Release|Any CPU.Build.0 = Release|Any CPU
		{A28262EF-0238-4C00-AA6D-0638C3A82489}.Debug|Any CPU.ActiveCfg = Debug|Any CPU
		{A28262EF-0238-4C00-AA6D-0638C3A82489}.Debug|Any CPU.Build.0 = Debug|Any CPU
		{A28262EF-0238-4C00-AA6D-0638C3A82489}.Release|Any CPU.ActiveCfg = Release|Any CPU
		{A28262EF-0238-4C00-AA6D-0638C3A82489}.Release|Any CPU.Build.0 = Release|Any CPU
		{67803064-F6A0-497B-9E14-BDC16F2168F8}.Debug|Any CPU.ActiveCfg = Debug|Any CPU
		{67803064-F6A0-497B-9E14-BDC16F2168F8}.Debug|Any CPU.Build.0 = Debug|Any CPU
		{67803064-F6A0-497B-9E14-BDC16F2168F8}.Release|Any CPU.ActiveCfg = Release|Any CPU
		{67803064-F6A0-497B-9E14-BDC16F2168F8}.Release|Any CPU.Build.0 = Release|Any CPU
		{29A8CF40-EF20-4E43-8CED-8D902A81F269}.Debug|Any CPU.ActiveCfg = Debug|Any CPU
		{29A8CF40-EF20-4E43-8CED-8D902A81F269}.Debug|Any CPU.Build.0 = Debug|Any CPU
		{29A8CF40-EF20-4E43-8CED-8D902A81F269}.Release|Any CPU.ActiveCfg = Release|Any CPU
		{29A8CF40-EF20-4E43-8CED-8D902A81F269}.Release|Any CPU.Build.0 = Release|Any CPU
		{51A7C1AC-B4CD-4213-88E8-E20335A86A28}.Debug|Any CPU.ActiveCfg = Debug|Any CPU
		{51A7C1AC-B4CD-4213-88E8-E20335A86A28}.Debug|Any CPU.Build.0 = Debug|Any CPU
		{51A7C1AC-B4CD-4213-88E8-E20335A86A28}.Release|Any CPU.ActiveCfg = Release|Any CPU
		{51A7C1AC-B4CD-4213-88E8-E20335A86A28}.Release|Any CPU.Build.0 = Release|Any CPU
		{3C93CBD3-2721-40A0-B59D-3A58AE993FBC}.Debug|Any CPU.ActiveCfg = Debug|Any CPU
		{3C93CBD3-2721-40A0-B59D-3A58AE993FBC}.Debug|Any CPU.Build.0 = Debug|Any CPU
		{3C93CBD3-2721-40A0-B59D-3A58AE993FBC}.Release|Any CPU.ActiveCfg = Release|Any CPU
		{3C93CBD3-2721-40A0-B59D-3A58AE993FBC}.Release|Any CPU.Build.0 = Release|Any CPU
		{47FB6156-C10F-4413-9616-213F42580541}.Debug|Any CPU.ActiveCfg = Debug|Any CPU
		{47FB6156-C10F-4413-9616-213F42580541}.Debug|Any CPU.Build.0 = Debug|Any CPU
		{47FB6156-C10F-4413-9616-213F42580541}.Release|Any CPU.ActiveCfg = Release|Any CPU
		{47FB6156-C10F-4413-9616-213F42580541}.Release|Any CPU.Build.0 = Release|Any CPU
		{978DB0ED-10A6-4321-9CAD-D8D58F0AFDFD}.Debug|Any CPU.ActiveCfg = Debug|Any CPU
		{978DB0ED-10A6-4321-9CAD-D8D58F0AFDFD}.Debug|Any CPU.Build.0 = Debug|Any CPU
		{978DB0ED-10A6-4321-9CAD-D8D58F0AFDFD}.Release|Any CPU.ActiveCfg = Release|Any CPU
		{978DB0ED-10A6-4321-9CAD-D8D58F0AFDFD}.Release|Any CPU.Build.0 = Release|Any CPU
		{785367D1-85B5-4788-A1B7-8BA89D7C46CC}.Debug|Any CPU.ActiveCfg = Debug|Any CPU
		{785367D1-85B5-4788-A1B7-8BA89D7C46CC}.Debug|Any CPU.Build.0 = Debug|Any CPU
		{785367D1-85B5-4788-A1B7-8BA89D7C46CC}.Release|Any CPU.ActiveCfg = Release|Any CPU
		{785367D1-85B5-4788-A1B7-8BA89D7C46CC}.Release|Any CPU.Build.0 = Release|Any CPU
		{6CC3330F-FBE3-4EF0-AA3C-9E379470C8CF}.Debug|Any CPU.ActiveCfg = Debug|Any CPU
		{6CC3330F-FBE3-4EF0-AA3C-9E379470C8CF}.Debug|Any CPU.Build.0 = Debug|Any CPU
		{6CC3330F-FBE3-4EF0-AA3C-9E379470C8CF}.Release|Any CPU.ActiveCfg = Release|Any CPU
		{6CC3330F-FBE3-4EF0-AA3C-9E379470C8CF}.Release|Any CPU.Build.0 = Release|Any CPU
		{37678A6F-721F-44FB-92D3-489956DEE62B}.Debug|Any CPU.ActiveCfg = Debug|Any CPU
		{37678A6F-721F-44FB-92D3-489956DEE62B}.Debug|Any CPU.Build.0 = Debug|Any CPU
		{37678A6F-721F-44FB-92D3-489956DEE62B}.Release|Any CPU.ActiveCfg = Release|Any CPU
		{37678A6F-721F-44FB-92D3-489956DEE62B}.Release|Any CPU.Build.0 = Release|Any CPU
		{3A9CFD2D-6213-4A8A-BA6A-BBD3E2F461DA}.Debug|Any CPU.ActiveCfg = Debug|Any CPU
		{3A9CFD2D-6213-4A8A-BA6A-BBD3E2F461DA}.Debug|Any CPU.Build.0 = Debug|Any CPU
		{3A9CFD2D-6213-4A8A-BA6A-BBD3E2F461DA}.Release|Any CPU.ActiveCfg = Release|Any CPU
		{3A9CFD2D-6213-4A8A-BA6A-BBD3E2F461DA}.Release|Any CPU.Build.0 = Release|Any CPU
		{7B17E451-C416-46B3-9E5C-8540411891F6}.Debug|Any CPU.ActiveCfg = Debug|Any CPU
		{7B17E451-C416-46B3-9E5C-8540411891F6}.Debug|Any CPU.Build.0 = Debug|Any CPU
		{7B17E451-C416-46B3-9E5C-8540411891F6}.Release|Any CPU.ActiveCfg = Release|Any CPU
		{7B17E451-C416-46B3-9E5C-8540411891F6}.Release|Any CPU.Build.0 = Release|Any CPU
		{3E1FA12E-E2E3-47F4-B43C-A735FA6634FD}.Debug|Any CPU.ActiveCfg = Debug|Any CPU
		{3E1FA12E-E2E3-47F4-B43C-A735FA6634FD}.Debug|Any CPU.Build.0 = Debug|Any CPU
		{3E1FA12E-E2E3-47F4-B43C-A735FA6634FD}.Release|Any CPU.ActiveCfg = Release|Any CPU
		{3E1FA12E-E2E3-47F4-B43C-A735FA6634FD}.Release|Any CPU.Build.0 = Release|Any CPU
		{E2A88C3B-65A4-48A7-AB94-B14094BA11F9}.Debug|Any CPU.ActiveCfg = Debug|Any CPU
		{E2A88C3B-65A4-48A7-AB94-B14094BA11F9}.Debug|Any CPU.Build.0 = Debug|Any CPU
		{E2A88C3B-65A4-48A7-AB94-B14094BA11F9}.Release|Any CPU.ActiveCfg = Release|Any CPU
		{E2A88C3B-65A4-48A7-AB94-B14094BA11F9}.Release|Any CPU.Build.0 = Release|Any CPU
		{17F9A856-0D7A-4546-92F0-314BE624346A}.Debug|Any CPU.ActiveCfg = Debug|Any CPU
		{17F9A856-0D7A-4546-92F0-314BE624346A}.Debug|Any CPU.Build.0 = Debug|Any CPU
		{17F9A856-0D7A-4546-92F0-314BE624346A}.Release|Any CPU.ActiveCfg = Release|Any CPU
		{17F9A856-0D7A-4546-92F0-314BE624346A}.Release|Any CPU.Build.0 = Release|Any CPU
		{7DD75D57-E660-4862-8E80-079B364854DB}.Debug|Any CPU.ActiveCfg = Debug|Any CPU
		{7DD75D57-E660-4862-8E80-079B364854DB}.Debug|Any CPU.Build.0 = Debug|Any CPU
		{7DD75D57-E660-4862-8E80-079B364854DB}.Release|Any CPU.ActiveCfg = Release|Any CPU
		{7DD75D57-E660-4862-8E80-079B364854DB}.Release|Any CPU.Build.0 = Release|Any CPU
	EndGlobalSection
	GlobalSection(SolutionProperties) = preSolution
		HideSolutionNode = FALSE
	EndGlobalSection
	GlobalSection(NestedProjects) = preSolution
		{EE064F0C-EEAD-4D2E-9CFF-03562B616A46} = {8BA523EE-860E-412C-A5E3-8E0A52B56C9E}
		{1BE19C6A-79B1-4D1E-83C0-7D25304E6CF7} = {8BA523EE-860E-412C-A5E3-8E0A52B56C9E}
		{A28262EF-0238-4C00-AA6D-0638C3A82489} = {8BA523EE-860E-412C-A5E3-8E0A52B56C9E}
		{67803064-F6A0-497B-9E14-BDC16F2168F8} = {8BA523EE-860E-412C-A5E3-8E0A52B56C9E}
		{29A8CF40-EF20-4E43-8CED-8D902A81F269} = {8BA523EE-860E-412C-A5E3-8E0A52B56C9E}
		{51A7C1AC-B4CD-4213-88E8-E20335A86A28} = {AA29FDBC-9214-456F-853F-0D66FCAD4145}
		{3C93CBD3-2721-40A0-B59D-3A58AE993FBC} = {AA29FDBC-9214-456F-853F-0D66FCAD4145}
		{47FB6156-C10F-4413-9616-213F42580541} = {AA29FDBC-9214-456F-853F-0D66FCAD4145}
		{978DB0ED-10A6-4321-9CAD-D8D58F0AFDFD} = {AA29FDBC-9214-456F-853F-0D66FCAD4145}
		{785367D1-85B5-4788-A1B7-8BA89D7C46CC} = {AA29FDBC-9214-456F-853F-0D66FCAD4145}
		{6CC3330F-FBE3-4EF0-AA3C-9E379470C8CF} = {AA29FDBC-9214-456F-853F-0D66FCAD4145}
		{37678A6F-721F-44FB-92D3-489956DEE62B} = {AA29FDBC-9214-456F-853F-0D66FCAD4145}
		{3A9CFD2D-6213-4A8A-BA6A-BBD3E2F461DA} = {AA29FDBC-9214-456F-853F-0D66FCAD4145}
		{7B17E451-C416-46B3-9E5C-8540411891F6} = {AA29FDBC-9214-456F-853F-0D66FCAD4145}
		{3E1FA12E-E2E3-47F4-B43C-A735FA6634FD} = {AA29FDBC-9214-456F-853F-0D66FCAD4145}
		{E2A88C3B-65A4-48A7-AB94-B14094BA11F9} = {AA29FDBC-9214-456F-853F-0D66FCAD4145}
		{17F9A856-0D7A-4546-92F0-314BE624346A} = {AA29FDBC-9214-456F-853F-0D66FCAD4145}
		{7DD75D57-E660-4862-8E80-079B364854DB} = {AA29FDBC-9214-456F-853F-0D66FCAD4145}
	EndGlobalSection
	GlobalSection(ExtensibilityGlobals) = postSolution
		SolutionGuid = {6563FAB4-C4AB-4542-878B-4826B1627A9B}
	EndGlobalSection
EndGlobal
