
Microsoft Visual Studio Solution File, Format Version 12.00
# Visual Studio Version 17
VisualStudioVersion = 17.8.34511.84
MinimumVisualStudioVersion = 10.0.40219.1
Project("{2150E333-8FDC-42A3-9474-1A3956D46DE8}") = "HomeWork3", "HomeWork3", "{8BA523EE-860E-412C-A5E3-8E0A52B56C9E}"
EndProject
Project("{9A19103F-16F7-4668-BE54-9A1E7A4F7556}") = "Task1", "HomeWork3\Task1\Task1.csproj", "{EE064F0C-EEAD-4D2E-9CFF-03562B616A46}"
EndProject
Project("{9A19103F-16F7-4668-BE54-9A1E7A4F7556}") = "Task2", "HomeWork3\Task2\Task2.csproj", "{1BE19C6A-79B1-4D1E-83C0-7D25304E6CF7}"
EndProject
Project("{9A19103F-16F7-4668-BE54-9A1E7A4F7556}") = "Task3", "HomeWork3\Task3\Task3.csproj", "{A28262EF-0238-4C00-AA6D-0638C3A82489}"
EndProject
Project("{9A19103F-16F7-4668-BE54-9A1E7A4F7556}") = "Task4", "HomeWork3\Task4\Task4.csproj", "{67803064-F6A0-497B-9E14-BDC16F2168F8}"
EndProject
Project("{9A19103F-16F7-4668-BE54-9A1E7A4F7556}") = "Task5", "HomeWork3\Task5\Task5.csproj", "{29A8CF40-EF20-4E43-8CED-8D902A81F269}"
EndProject
Project("{2150E333-8FDC-42A3-9474-1A3956D46DE8}") = "HomeWork4", "HomeWork4", "{AA29FDBC-9214-456F-853F-0D66FCAD4145}"
EndProject
Project("{9A19103F-16F7-4668-BE54-9A1E7A4F7556}") = "Task1", "HomeWork4\Task1\Task1.csproj", "{51A7C1AC-B4CD-4213-88E8-E20335A86A28}"
EndProject
Project("{9A19103F-16F7-4668-BE54-9A1E7A4F7556}") = "Task3", "HomeWork4\Task3\Task3.csproj", "{3C93CBD3-2721-40A0-B59D-3A58AE993FBC}"
EndProject
Project("{9A19103F-16F7-4668-BE54-9A1E7A4F7556}") = "Task4", "HomeWork4\Task4\Task4.csproj", "{47FB6156-C10F-4413-9616-213F42580541}"
EndProject
Project("{9A19103F-16F7-4668-BE54-9A1E7A4F7556}") = "Task5", "HomeWork4\Task5\Task5.csproj", "{978DB0ED-10A6-4321-9CAD-D8D58F0AFDFD}"
EndProject
Project("{9A19103F-16F7-4668-BE54-9A1E7A4F7556}") = "Task6", "HomeWork4\Task6\Task6.csproj", "{785367D1-85B5-4788-A1B7-8BA89D7C46CC}"
EndProject
Project("{9A19103F-16F7-4668-BE54-9A1E7A4F7556}") = "Task7", "HomeWork4\Task7\Task7.csproj", "{6CC3330F-FBE3-4EF0-AA3C-9E379470C8CF}"
EndProject
Project("{9A19103F-16F7-4668-BE54-9A1E7A4F7556}") = "Task8", "HomeWork4\Task8\Task8.csproj", "{37678A6F-721F-44FB-92D3-489956DEE62B}"
EndProject
Project("{9A19103F-16F7-4668-BE54-9A1E7A4F7556}") = "Task9", "HomeWork4\Task9\Task9.csproj", "{3A9CFD2D-6213-4A8A-BA6A-BBD3E2F461DA}"
EndProject
Project("{9A19103F-16F7-4668-BE54-9A1E7A4F7556}") = "Task10", "HomeWork4\Task10\Task10.csproj", "{7B17E451-C416-46B3-9E5C-8540411891F6}"
EndProject
Project("{9A19103F-16F7-4668-BE54-9A1E7A4F7556}") = "Task11", "HomeWork4\Task11\Task11.csproj", "{3E1FA12E-E2E3-47F4-B43C-A735FA6634FD}"
EndProject
Project("{9A19103F-16F7-4668-BE54-9A1E7A4F7556}") = "Task2", "HomeWork4\Task2\Task2.csproj", "{E2A88C3B-65A4-48A7-AB94-B14094BA11F9}"
EndProject
Project("{9A19103F-16F7-4668-BE54-9A1E7A4F7556}") = "Task12", "HomeWork4\Task12\Task12.csproj", "{17F9A856-0D7A-4546-92F0-314BE624346A}"
EndProject
Project("{9A19103F-16F7-4668-BE54-9A1E7A4F7556}") = "Task13", "HomeWork4\Task13\Task13.csproj", "{7DD75D57-E660-4862-8E80-079B364854DB}"
EndProject
Project("{2150E333-8FDC-42A3-9474-1A3956D46DE8}") = "HomeWork5", "HomeWork5", "{81842959-3519-445B-9B98-5D0C3F3F3D35}"
EndProject
Project("{9A19103F-16F7-4668-BE54-9A1E7A4F7556}") = "Calculator", "HomeWork5\Calculator\Calculator.csproj", "{BC813845-04A5-4CBD-9A0B-A2F8FDF79EA4}"
EndProject
Project("{2150E333-8FDC-42A3-9474-1A3956D46DE8}") = "HomeWork6", "HomeWork6", "{C426F8AF-54D1-43CB-8AA9-D820F69D3440}"
EndProject
Project("{9A19103F-16F7-4668-BE54-9A1E7A4F7556}") = "Task1", "HomeWork6\Task1\Task1.csproj", "{7727EB84-5980-464D-90A0-B85138D7FD00}"
EndProject
Project("{9A19103F-16F7-4668-BE54-9A1E7A4F7556}") = "Task2", "HomeWork6\Task2\Task2.csproj", "{0B83DBC8-4EB4-45A4-B2C8-6D2F27F149D1}"
EndProject
Project("{9A19103F-16F7-4668-BE54-9A1E7A4F7556}") = "Task3", "HomeWork6\Task3\Task3.csproj", "{818D6A48-5031-4045-BDE7-FBA75B873F94}"
EndProject
Project("{9A19103F-16F7-4668-BE54-9A1E7A4F7556}") = "Task4", "HomeWork6\Task4\Task4.csproj", "{F199E2D3-302C-494F-BBEC-47E475BF2A3E}"
EndProject
Project("{9A19103F-16F7-4668-BE54-9A1E7A4F7556}") = "Task5", "HomeWork6\Task5\Task5.csproj", "{5397528F-9766-4D5F-9FDD-7CC4A3A2962E}"
EndProject
Project("{9A19103F-16F7-4668-BE54-9A1E7A4F7556}") = "Task6", "HomeWork6\Task6\Task6.csproj", "{8FB77A99-F230-44A5-9AAE-17194B5E7660}"
EndProject
Project("{9A19103F-16F7-4668-BE54-9A1E7A4F7556}") = "Task7", "HomeWork6\Task7\Task7.csproj", "{0773DF66-102D-4F44-AB95-3AEB93CD3FAB}"
EndProject
Project("{9A19103F-16F7-4668-BE54-9A1E7A4F7556}") = "Task8", "HomeWork6\Task8\Task8.csproj", "{BFE0724F-5764-4A7E-8EFA-D613A2FF188F}"
EndProject
Project("{9A19103F-16F7-4668-BE54-9A1E7A4F7556}") = "Task9", "HomeWork6\Task9\Task9.csproj", "{863E455E-C84E-4FE1-B9EA-2BDDBDFB5C9F}"
EndProject
Project("{9A19103F-16F7-4668-BE54-9A1E7A4F7556}") = "Task10", "HomeWork6\Task10\Task10.csproj", "{7F6DE6FA-AC70-4BAA-B1B3-3252D0F934D9}"
EndProject
Project("{9A19103F-16F7-4668-BE54-9A1E7A4F7556}") = "Task11", "HomeWork6\Task11\Task11.csproj", "{6149E4CC-5F9C-4E25-9B23-5CF7C5CBF7B6}"
EndProject
Project("{9A19103F-16F7-4668-BE54-9A1E7A4F7556}") = "Task12", "HomeWork6\Task12\Task12.csproj", "{1E3C6B5F-C50F-4655-AEFA-FEFC6C1AB098}"
EndProject
Project("{9A19103F-16F7-4668-BE54-9A1E7A4F7556}") = "Task13", "HomeWork6\Task13\Task13.csproj", "{1E7E9311-0BE9-4B49-AD64-0EFBB9E37955}"
EndProject
Project("{9A19103F-16F7-4668-BE54-9A1E7A4F7556}") = "Task14", "HomeWork6\Task14\Task14.csproj", "{32F3C3C8-B820-458E-9704-924CAE8E7F64}"
EndProject
Project("{9A19103F-16F7-4668-BE54-9A1E7A4F7556}") = "Task15", "HomeWork6\Task15\Task15.csproj", "{4D8988EC-7377-4F75-A8DA-320E6C24510A}"
EndProject
Project("{9A19103F-16F7-4668-BE54-9A1E7A4F7556}") = "Task16", "HomeWork6\Task16\Task16.csproj", "{CE00FBCD-1B22-4046-AF0B-A9F539EEA163}"
EndProject
Project("{2150E333-8FDC-42A3-9474-1A3956D46DE8}") = "HomeWork7", "HomeWork7", "{A0AFD5AF-1FCA-44D5-8C07-8D953C223B6B}"
EndProject
Project("{9A19103F-16F7-4668-BE54-9A1E7A4F7556}") = "Task1", "HomeWork7\Task1\Task1.csproj", "{B8BAAEAF-988E-4B66-9152-9956A85808DA}"
EndProject
Project("{9A19103F-16F7-4668-BE54-9A1E7A4F7556}") = "Task2", "HomeWork7\Task2\Task2.csproj", "{ED3E1C3B-1CCE-42B1-977B-A82E7D7CF896}"
EndProject
Project("{9A19103F-16F7-4668-BE54-9A1E7A4F7556}") = "Task3", "HomeWork7\Task3\Task3.csproj", "{4E04272A-6CFA-4FBD-ADBD-531229D2B696}"
EndProject
Project("{9A19103F-16F7-4668-BE54-9A1E7A4F7556}") = "Task4", "HomeWork7\Task4\Task4.csproj", "{7578B780-97B3-4B1E-83DC-7F27DA3BA13C}"
EndProject
Project("{9A19103F-16F7-4668-BE54-9A1E7A4F7556}") = "Task5", "HomeWork7\Task5\Task5.csproj", "{44B362BB-4356-4F13-BB84-AA1F2BB0445D}"
EndProject
Project("{9A19103F-16F7-4668-BE54-9A1E7A4F7556}") = "Task6", "HomeWork7\Task6\Task6.csproj", "{FBEA7D3D-549D-4DE4-A8A7-39672BC64B2E}"
EndProject
Project("{9A19103F-16F7-4668-BE54-9A1E7A4F7556}") = "Task7", "HomeWork7\Task7\Task7.csproj", "{752EA373-74E6-4235-9573-7F05FDA84E05}"
EndProject
Project("{9A19103F-16F7-4668-BE54-9A1E7A4F7556}") = "Task8", "HomeWork7\Task8\Task8.csproj", "{BD8F5559-6AAE-49C9-A4B3-0311B84A63C1}"
EndProject
Project("{9A19103F-16F7-4668-BE54-9A1E7A4F7556}") = "Task9", "HomeWork7\Task9\Task9.csproj", "{6A2EAC6F-2A3E-422F-A4B8-3987003549C6}"
EndProject
Project("{9A19103F-16F7-4668-BE54-9A1E7A4F7556}") = "Task10", "HomeWork7\Task10\Task10.csproj", "{AD157727-47D5-4503-BB85-6ABDE6427F33}"
EndProject
Project("{2150E333-8FDC-42A3-9474-1A3956D46DE8}") = "HomeWork8", "HomeWork8", "{E8298B3B-22D3-4D39-8EAA-F8AD195123FA}"
EndProject
Project("{9A19103F-16F7-4668-BE54-9A1E7A4F7556}") = "Task1", "HomeWork8\Task1\Task1.csproj", "{E1DB6EDB-163C-416A-8A83-15420288100B}"
EndProject
Project("{9A19103F-16F7-4668-BE54-9A1E7A4F7556}") = "Task2", "HomeWork8\Task2\Task2.csproj", "{8B133BB1-6C19-4B42-90CA-98F476872B9D}"
EndProject
Project("{9A19103F-16F7-4668-BE54-9A1E7A4F7556}") = "Task3", "HomeWork8\Task3\Task3.csproj", "{0E037156-EBF4-4AF5-B399-21A0E9351F33}"
EndProject
Project("{9A19103F-16F7-4668-BE54-9A1E7A4F7556}") = "Task4", "HomeWork8\Task4\Task4.csproj", "{5CDD8E17-BF3F-479A-B87C-2D39EB7E2C35}"
EndProject
Project("{9A19103F-16F7-4668-BE54-9A1E7A4F7556}") = "Task5", "HomeWork8\Task5\Task5.csproj", "{807B3F9A-8E19-4C52-B270-05F0DF76EB72}"
EndProject
Project("{9A19103F-16F7-4668-BE54-9A1E7A4F7556}") = "Task6", "HomeWork8\Task6\Task6.csproj", "{0978E49C-C57E-4DEF-90E4-17840AD7F918}"
EndProject
Project("{9A19103F-16F7-4668-BE54-9A1E7A4F7556}") = "Task7", "HomeWork8\Task7\Task7.csproj", "{43CCF104-29BC-40D9-981F-A7A7BFD1B764}"
EndProject
Project("{9A19103F-16F7-4668-BE54-9A1E7A4F7556}") = "Task8", "HomeWork8\Task8\Task8.csproj", "{4B213B61-0A23-482E-992D-44DB2460C56A}"
EndProject
Project("{9A19103F-16F7-4668-BE54-9A1E7A4F7556}") = "Task9", "HomeWork8\Task9\Task9.csproj", "{749F0F27-D2E7-4BDE-B953-746435006332}"
EndProject
Project("{9A19103F-16F7-4668-BE54-9A1E7A4F7556}") = "bonus", "HomeWork8\bonus\bonus.csproj", "{08EE52BF-1C21-4DD8-ADF3-9CB8B74511FD}"
EndProject
Project("{9A19103F-16F7-4668-BE54-9A1E7A4F7556}") = "Task10", "HomeWork8\Task10\Task10.csproj", "{5AD1C4F4-A02F-4C27-B2FA-A534BF6E21C6}"
EndProject
Project("{9A19103F-16F7-4668-BE54-9A1E7A4F7556}") = "Task11", "HomeWork8\Task11\Task11.csproj", "{A782E3F8-3DCF-4208-A908-4C91ADEE4AEC}"
EndProject
Project("{2150E333-8FDC-42A3-9474-1A3956D46DE8}") = "MorskoyBoy", "MorskoyBoy", "{124742D3-DEA9-4506-BFA3-70C4D997AD44}"
EndProject
Project("{FAE04EC0-301F-11D3-BF4B-00C04F79EFBC}") = "Project1", "Project1\Project1.csproj", "{BE92D1C8-47ED-4467-B77B-3CEEAA91B154}"
EndProject
Global
	GlobalSection(SolutionConfigurationPlatforms) = preSolution
		Debug|Any CPU = Debug|Any CPU
		Release|Any CPU = Release|Any CPU
	EndGlobalSection
	GlobalSection(ProjectConfigurationPlatforms) = postSolution
		{EE064F0C-EEAD-4D2E-9CFF-03562B616A46}.Debug|Any CPU.ActiveCfg = Debug|Any CPU
		{EE064F0C-EEAD-4D2E-9CFF-03562B616A46}.Debug|Any CPU.Build.0 = Debug|Any CPU
		{EE064F0C-EEAD-4D2E-9CFF-03562B616A46}.Release|Any CPU.ActiveCfg = Release|Any CPU
		{EE064F0C-EEAD-4D2E-9CFF-03562B616A46}.Release|Any CPU.Build.0 = Release|Any CPU
		{1BE19C6A-79B1-4D1E-83C0-7D25304E6CF7}.Debug|Any CPU.ActiveCfg = Debug|Any CPU
		{1BE19C6A-79B1-4D1E-83C0-7D25304E6CF7}.Debug|Any CPU.Build.0 = Debug|Any CPU
		{1BE19C6A-79B1-4D1E-83C0-7D25304E6CF7}.Release|Any CPU.ActiveCfg = Release|Any CPU
		{1BE19C6A-79B1-4D1E-83C0-7D25304E6CF7}.Release|Any CPU.Build.0 = Release|Any CPU
		{A28262EF-0238-4C00-AA6D-0638C3A82489}.Debug|Any CPU.ActiveCfg = Debug|Any CPU
		{A28262EF-0238-4C00-AA6D-0638C3A82489}.Debug|Any CPU.Build.0 = Debug|Any CPU
		{A28262EF-0238-4C00-AA6D-0638C3A82489}.Release|Any CPU.ActiveCfg = Release|Any CPU
		{A28262EF-0238-4C00-AA6D-0638C3A82489}.Release|Any CPU.Build.0 = Release|Any CPU
		{67803064-F6A0-497B-9E14-BDC16F2168F8}.Debug|Any CPU.ActiveCfg = Debug|Any CPU
		{67803064-F6A0-497B-9E14-BDC16F2168F8}.Debug|Any CPU.Build.0 = Debug|Any CPU
		{67803064-F6A0-497B-9E14-BDC16F2168F8}.Release|Any CPU.ActiveCfg = Release|Any CPU
		{67803064-F6A0-497B-9E14-BDC16F2168F8}.Release|Any CPU.Build.0 = Release|Any CPU
		{29A8CF40-EF20-4E43-8CED-8D902A81F269}.Debug|Any CPU.ActiveCfg = Debug|Any CPU
		{29A8CF40-EF20-4E43-8CED-8D902A81F269}.Debug|Any CPU.Build.0 = Debug|Any CPU
		{29A8CF40-EF20-4E43-8CED-8D902A81F269}.Release|Any CPU.ActiveCfg = Release|Any CPU
		{29A8CF40-EF20-4E43-8CED-8D902A81F269}.Release|Any CPU.Build.0 = Release|Any CPU
		{51A7C1AC-B4CD-4213-88E8-E20335A86A28}.Debug|Any CPU.ActiveCfg = Debug|Any CPU
		{51A7C1AC-B4CD-4213-88E8-E20335A86A28}.Debug|Any CPU.Build.0 = Debug|Any CPU
		{51A7C1AC-B4CD-4213-88E8-E20335A86A28}.Release|Any CPU.ActiveCfg = Release|Any CPU
		{51A7C1AC-B4CD-4213-88E8-E20335A86A28}.Release|Any CPU.Build.0 = Release|Any CPU
		{3C93CBD3-2721-40A0-B59D-3A58AE993FBC}.Debug|Any CPU.ActiveCfg = Debug|Any CPU
		{3C93CBD3-2721-40A0-B59D-3A58AE993FBC}.Debug|Any CPU.Build.0 = Debug|Any CPU
		{3C93CBD3-2721-40A0-B59D-3A58AE993FBC}.Release|Any CPU.ActiveCfg = Release|Any CPU
		{3C93CBD3-2721-40A0-B59D-3A58AE993FBC}.Release|Any CPU.Build.0 = Release|Any CPU
		{47FB6156-C10F-4413-9616-213F42580541}.Debug|Any CPU.ActiveCfg = Debug|Any CPU
		{47FB6156-C10F-4413-9616-213F42580541}.Debug|Any CPU.Build.0 = Debug|Any CPU
		{47FB6156-C10F-4413-9616-213F42580541}.Release|Any CPU.ActiveCfg = Release|Any CPU
		{47FB6156-C10F-4413-9616-213F42580541}.Release|Any CPU.Build.0 = Release|Any CPU
		{978DB0ED-10A6-4321-9CAD-D8D58F0AFDFD}.Debug|Any CPU.ActiveCfg = Debug|Any CPU
		{978DB0ED-10A6-4321-9CAD-D8D58F0AFDFD}.Debug|Any CPU.Build.0 = Debug|Any CPU
		{978DB0ED-10A6-4321-9CAD-D8D58F0AFDFD}.Release|Any CPU.ActiveCfg = Release|Any CPU
		{978DB0ED-10A6-4321-9CAD-D8D58F0AFDFD}.Release|Any CPU.Build.0 = Release|Any CPU
		{785367D1-85B5-4788-A1B7-8BA89D7C46CC}.Debug|Any CPU.ActiveCfg = Debug|Any CPU
		{785367D1-85B5-4788-A1B7-8BA89D7C46CC}.Debug|Any CPU.Build.0 = Debug|Any CPU
		{785367D1-85B5-4788-A1B7-8BA89D7C46CC}.Release|Any CPU.ActiveCfg = Release|Any CPU
		{785367D1-85B5-4788-A1B7-8BA89D7C46CC}.Release|Any CPU.Build.0 = Release|Any CPU
		{6CC3330F-FBE3-4EF0-AA3C-9E379470C8CF}.Debug|Any CPU.ActiveCfg = Debug|Any CPU
		{6CC3330F-FBE3-4EF0-AA3C-9E379470C8CF}.Debug|Any CPU.Build.0 = Debug|Any CPU
		{6CC3330F-FBE3-4EF0-AA3C-9E379470C8CF}.Release|Any CPU.ActiveCfg = Release|Any CPU
		{6CC3330F-FBE3-4EF0-AA3C-9E379470C8CF}.Release|Any CPU.Build.0 = Release|Any CPU
		{37678A6F-721F-44FB-92D3-489956DEE62B}.Debug|Any CPU.ActiveCfg = Debug|Any CPU
		{37678A6F-721F-44FB-92D3-489956DEE62B}.Debug|Any CPU.Build.0 = Debug|Any CPU
		{37678A6F-721F-44FB-92D3-489956DEE62B}.Release|Any CPU.ActiveCfg = Release|Any CPU
		{37678A6F-721F-44FB-92D3-489956DEE62B}.Release|Any CPU.Build.0 = Release|Any CPU
		{3A9CFD2D-6213-4A8A-BA6A-BBD3E2F461DA}.Debug|Any CPU.ActiveCfg = Debug|Any CPU
		{3A9CFD2D-6213-4A8A-BA6A-BBD3E2F461DA}.Debug|Any CPU.Build.0 = Debug|Any CPU
		{3A9CFD2D-6213-4A8A-BA6A-BBD3E2F461DA}.Release|Any CPU.ActiveCfg = Release|Any CPU
		{3A9CFD2D-6213-4A8A-BA6A-BBD3E2F461DA}.Release|Any CPU.Build.0 = Release|Any CPU
		{7B17E451-C416-46B3-9E5C-8540411891F6}.Debug|Any CPU.ActiveCfg = Debug|Any CPU
		{7B17E451-C416-46B3-9E5C-8540411891F6}.Debug|Any CPU.Build.0 = Debug|Any CPU
		{7B17E451-C416-46B3-9E5C-8540411891F6}.Release|Any CPU.ActiveCfg = Release|Any CPU
		{7B17E451-C416-46B3-9E5C-8540411891F6}.Release|Any CPU.Build.0 = Release|Any CPU
		{3E1FA12E-E2E3-47F4-B43C-A735FA6634FD}.Debug|Any CPU.ActiveCfg = Debug|Any CPU
		{3E1FA12E-E2E3-47F4-B43C-A735FA6634FD}.Debug|Any CPU.Build.0 = Debug|Any CPU
		{3E1FA12E-E2E3-47F4-B43C-A735FA6634FD}.Release|Any CPU.ActiveCfg = Release|Any CPU
		{3E1FA12E-E2E3-47F4-B43C-A735FA6634FD}.Release|Any CPU.Build.0 = Release|Any CPU
		{E2A88C3B-65A4-48A7-AB94-B14094BA11F9}.Debug|Any CPU.ActiveCfg = Debug|Any CPU
		{E2A88C3B-65A4-48A7-AB94-B14094BA11F9}.Debug|Any CPU.Build.0 = Debug|Any CPU
		{E2A88C3B-65A4-48A7-AB94-B14094BA11F9}.Release|Any CPU.ActiveCfg = Release|Any CPU
		{E2A88C3B-65A4-48A7-AB94-B14094BA11F9}.Release|Any CPU.Build.0 = Release|Any CPU
		{17F9A856-0D7A-4546-92F0-314BE624346A}.Debug|Any CPU.ActiveCfg = Debug|Any CPU
		{17F9A856-0D7A-4546-92F0-314BE624346A}.Debug|Any CPU.Build.0 = Debug|Any CPU
		{17F9A856-0D7A-4546-92F0-314BE624346A}.Release|Any CPU.ActiveCfg = Release|Any CPU
		{17F9A856-0D7A-4546-92F0-314BE624346A}.Release|Any CPU.Build.0 = Release|Any CPU
		{7DD75D57-E660-4862-8E80-079B364854DB}.Debug|Any CPU.ActiveCfg = Debug|Any CPU
		{7DD75D57-E660-4862-8E80-079B364854DB}.Debug|Any CPU.Build.0 = Debug|Any CPU
		{7DD75D57-E660-4862-8E80-079B364854DB}.Release|Any CPU.ActiveCfg = Release|Any CPU
		{7DD75D57-E660-4862-8E80-079B364854DB}.Release|Any CPU.Build.0 = Release|Any CPU
		{BC813845-04A5-4CBD-9A0B-A2F8FDF79EA4}.Debug|Any CPU.ActiveCfg = Debug|Any CPU
		{BC813845-04A5-4CBD-9A0B-A2F8FDF79EA4}.Debug|Any CPU.Build.0 = Debug|Any CPU
		{BC813845-04A5-4CBD-9A0B-A2F8FDF79EA4}.Release|Any CPU.ActiveCfg = Release|Any CPU
		{BC813845-04A5-4CBD-9A0B-A2F8FDF79EA4}.Release|Any CPU.Build.0 = Release|Any CPU
		{7727EB84-5980-464D-90A0-B85138D7FD00}.Debug|Any CPU.ActiveCfg = Debug|Any CPU
		{7727EB84-5980-464D-90A0-B85138D7FD00}.Debug|Any CPU.Build.0 = Debug|Any CPU
		{7727EB84-5980-464D-90A0-B85138D7FD00}.Release|Any CPU.ActiveCfg = Release|Any CPU
		{7727EB84-5980-464D-90A0-B85138D7FD00}.Release|Any CPU.Build.0 = Release|Any CPU
		{0B83DBC8-4EB4-45A4-B2C8-6D2F27F149D1}.Debug|Any CPU.ActiveCfg = Debug|Any CPU
		{0B83DBC8-4EB4-45A4-B2C8-6D2F27F149D1}.Debug|Any CPU.Build.0 = Debug|Any CPU
		{0B83DBC8-4EB4-45A4-B2C8-6D2F27F149D1}.Release|Any CPU.ActiveCfg = Release|Any CPU
		{0B83DBC8-4EB4-45A4-B2C8-6D2F27F149D1}.Release|Any CPU.Build.0 = Release|Any CPU
		{818D6A48-5031-4045-BDE7-FBA75B873F94}.Debug|Any CPU.ActiveCfg = Debug|Any CPU
		{818D6A48-5031-4045-BDE7-FBA75B873F94}.Debug|Any CPU.Build.0 = Debug|Any CPU
		{818D6A48-5031-4045-BDE7-FBA75B873F94}.Release|Any CPU.ActiveCfg = Release|Any CPU
		{818D6A48-5031-4045-BDE7-FBA75B873F94}.Release|Any CPU.Build.0 = Release|Any CPU
		{F199E2D3-302C-494F-BBEC-47E475BF2A3E}.Debug|Any CPU.ActiveCfg = Debug|Any CPU
		{F199E2D3-302C-494F-BBEC-47E475BF2A3E}.Debug|Any CPU.Build.0 = Debug|Any CPU
		{F199E2D3-302C-494F-BBEC-47E475BF2A3E}.Release|Any CPU.ActiveCfg = Release|Any CPU
		{F199E2D3-302C-494F-BBEC-47E475BF2A3E}.Release|Any CPU.Build.0 = Release|Any CPU
		{5397528F-9766-4D5F-9FDD-7CC4A3A2962E}.Debug|Any CPU.ActiveCfg = Debug|Any CPU
		{5397528F-9766-4D5F-9FDD-7CC4A3A2962E}.Debug|Any CPU.Build.0 = Debug|Any CPU
		{5397528F-9766-4D5F-9FDD-7CC4A3A2962E}.Release|Any CPU.ActiveCfg = Release|Any CPU
		{5397528F-9766-4D5F-9FDD-7CC4A3A2962E}.Release|Any CPU.Build.0 = Release|Any CPU
		{8FB77A99-F230-44A5-9AAE-17194B5E7660}.Debug|Any CPU.ActiveCfg = Debug|Any CPU
		{8FB77A99-F230-44A5-9AAE-17194B5E7660}.Debug|Any CPU.Build.0 = Debug|Any CPU
		{8FB77A99-F230-44A5-9AAE-17194B5E7660}.Release|Any CPU.ActiveCfg = Release|Any CPU
		{8FB77A99-F230-44A5-9AAE-17194B5E7660}.Release|Any CPU.Build.0 = Release|Any CPU
		{0773DF66-102D-4F44-AB95-3AEB93CD3FAB}.Debug|Any CPU.ActiveCfg = Debug|Any CPU
		{0773DF66-102D-4F44-AB95-3AEB93CD3FAB}.Debug|Any CPU.Build.0 = Debug|Any CPU
		{0773DF66-102D-4F44-AB95-3AEB93CD3FAB}.Release|Any CPU.ActiveCfg = Release|Any CPU
		{0773DF66-102D-4F44-AB95-3AEB93CD3FAB}.Release|Any CPU.Build.0 = Release|Any CPU
		{BFE0724F-5764-4A7E-8EFA-D613A2FF188F}.Debug|Any CPU.ActiveCfg = Debug|Any CPU
		{BFE0724F-5764-4A7E-8EFA-D613A2FF188F}.Debug|Any CPU.Build.0 = Debug|Any CPU
		{BFE0724F-5764-4A7E-8EFA-D613A2FF188F}.Release|Any CPU.ActiveCfg = Release|Any CPU
		{BFE0724F-5764-4A7E-8EFA-D613A2FF188F}.Release|Any CPU.Build.0 = Release|Any CPU
		{863E455E-C84E-4FE1-B9EA-2BDDBDFB5C9F}.Debug|Any CPU.ActiveCfg = Debug|Any CPU
		{863E455E-C84E-4FE1-B9EA-2BDDBDFB5C9F}.Debug|Any CPU.Build.0 = Debug|Any CPU
		{863E455E-C84E-4FE1-B9EA-2BDDBDFB5C9F}.Release|Any CPU.ActiveCfg = Release|Any CPU
		{863E455E-C84E-4FE1-B9EA-2BDDBDFB5C9F}.Release|Any CPU.Build.0 = Release|Any CPU
		{7F6DE6FA-AC70-4BAA-B1B3-3252D0F934D9}.Debug|Any CPU.ActiveCfg = Debug|Any CPU
		{7F6DE6FA-AC70-4BAA-B1B3-3252D0F934D9}.Debug|Any CPU.Build.0 = Debug|Any CPU
		{7F6DE6FA-AC70-4BAA-B1B3-3252D0F934D9}.Release|Any CPU.ActiveCfg = Release|Any CPU
		{7F6DE6FA-AC70-4BAA-B1B3-3252D0F934D9}.Release|Any CPU.Build.0 = Release|Any CPU
		{6149E4CC-5F9C-4E25-9B23-5CF7C5CBF7B6}.Debug|Any CPU.ActiveCfg = Debug|Any CPU
		{6149E4CC-5F9C-4E25-9B23-5CF7C5CBF7B6}.Debug|Any CPU.Build.0 = Debug|Any CPU
		{6149E4CC-5F9C-4E25-9B23-5CF7C5CBF7B6}.Release|Any CPU.ActiveCfg = Release|Any CPU
		{6149E4CC-5F9C-4E25-9B23-5CF7C5CBF7B6}.Release|Any CPU.Build.0 = Release|Any CPU
		{1E3C6B5F-C50F-4655-AEFA-FEFC6C1AB098}.Debug|Any CPU.ActiveCfg = Debug|Any CPU
		{1E3C6B5F-C50F-4655-AEFA-FEFC6C1AB098}.Debug|Any CPU.Build.0 = Debug|Any CPU
		{1E3C6B5F-C50F-4655-AEFA-FEFC6C1AB098}.Release|Any CPU.ActiveCfg = Release|Any CPU
		{1E3C6B5F-C50F-4655-AEFA-FEFC6C1AB098}.Release|Any CPU.Build.0 = Release|Any CPU
		{1E7E9311-0BE9-4B49-AD64-0EFBB9E37955}.Debug|Any CPU.ActiveCfg = Debug|Any CPU
		{1E7E9311-0BE9-4B49-AD64-0EFBB9E37955}.Debug|Any CPU.Build.0 = Debug|Any CPU
		{1E7E9311-0BE9-4B49-AD64-0EFBB9E37955}.Release|Any CPU.ActiveCfg = Release|Any CPU
		{1E7E9311-0BE9-4B49-AD64-0EFBB9E37955}.Release|Any CPU.Build.0 = Release|Any CPU
		{32F3C3C8-B820-458E-9704-924CAE8E7F64}.Debug|Any CPU.ActiveCfg = Debug|Any CPU
		{32F3C3C8-B820-458E-9704-924CAE8E7F64}.Debug|Any CPU.Build.0 = Debug|Any CPU
		{32F3C3C8-B820-458E-9704-924CAE8E7F64}.Release|Any CPU.ActiveCfg = Release|Any CPU
		{32F3C3C8-B820-458E-9704-924CAE8E7F64}.Release|Any CPU.Build.0 = Release|Any CPU
		{4D8988EC-7377-4F75-A8DA-320E6C24510A}.Debug|Any CPU.ActiveCfg = Debug|Any CPU
		{4D8988EC-7377-4F75-A8DA-320E6C24510A}.Debug|Any CPU.Build.0 = Debug|Any CPU
		{4D8988EC-7377-4F75-A8DA-320E6C24510A}.Release|Any CPU.ActiveCfg = Release|Any CPU
		{4D8988EC-7377-4F75-A8DA-320E6C24510A}.Release|Any CPU.Build.0 = Release|Any CPU
		{CE00FBCD-1B22-4046-AF0B-A9F539EEA163}.Debug|Any CPU.ActiveCfg = Debug|Any CPU
		{CE00FBCD-1B22-4046-AF0B-A9F539EEA163}.Debug|Any CPU.Build.0 = Debug|Any CPU
		{CE00FBCD-1B22-4046-AF0B-A9F539EEA163}.Release|Any CPU.ActiveCfg = Release|Any CPU
		{CE00FBCD-1B22-4046-AF0B-A9F539EEA163}.Release|Any CPU.Build.0 = Release|Any CPU
		{B8BAAEAF-988E-4B66-9152-9956A85808DA}.Debug|Any CPU.ActiveCfg = Debug|Any CPU
		{B8BAAEAF-988E-4B66-9152-9956A85808DA}.Debug|Any CPU.Build.0 = Debug|Any CPU
		{B8BAAEAF-988E-4B66-9152-9956A85808DA}.Release|Any CPU.ActiveCfg = Release|Any CPU
		{B8BAAEAF-988E-4B66-9152-9956A85808DA}.Release|Any CPU.Build.0 = Release|Any CPU
		{ED3E1C3B-1CCE-42B1-977B-A82E7D7CF896}.Debug|Any CPU.ActiveCfg = Debug|Any CPU
		{ED3E1C3B-1CCE-42B1-977B-A82E7D7CF896}.Debug|Any CPU.Build.0 = Debug|Any CPU
		{ED3E1C3B-1CCE-42B1-977B-A82E7D7CF896}.Release|Any CPU.ActiveCfg = Release|Any CPU
		{ED3E1C3B-1CCE-42B1-977B-A82E7D7CF896}.Release|Any CPU.Build.0 = Release|Any CPU
		{4E04272A-6CFA-4FBD-ADBD-531229D2B696}.Debug|Any CPU.ActiveCfg = Debug|Any CPU
		{4E04272A-6CFA-4FBD-ADBD-531229D2B696}.Debug|Any CPU.Build.0 = Debug|Any CPU
		{4E04272A-6CFA-4FBD-ADBD-531229D2B696}.Release|Any CPU.ActiveCfg = Release|Any CPU
		{4E04272A-6CFA-4FBD-ADBD-531229D2B696}.Release|Any CPU.Build.0 = Release|Any CPU
		{7578B780-97B3-4B1E-83DC-7F27DA3BA13C}.Debug|Any CPU.ActiveCfg = Debug|Any CPU
		{7578B780-97B3-4B1E-83DC-7F27DA3BA13C}.Debug|Any CPU.Build.0 = Debug|Any CPU
		{7578B780-97B3-4B1E-83DC-7F27DA3BA13C}.Release|Any CPU.ActiveCfg = Release|Any CPU
		{7578B780-97B3-4B1E-83DC-7F27DA3BA13C}.Release|Any CPU.Build.0 = Release|Any CPU
		{44B362BB-4356-4F13-BB84-AA1F2BB0445D}.Debug|Any CPU.ActiveCfg = Debug|Any CPU
		{44B362BB-4356-4F13-BB84-AA1F2BB0445D}.Debug|Any CPU.Build.0 = Debug|Any CPU
		{44B362BB-4356-4F13-BB84-AA1F2BB0445D}.Release|Any CPU.ActiveCfg = Release|Any CPU
		{44B362BB-4356-4F13-BB84-AA1F2BB0445D}.Release|Any CPU.Build.0 = Release|Any CPU
		{FBEA7D3D-549D-4DE4-A8A7-39672BC64B2E}.Debug|Any CPU.ActiveCfg = Debug|Any CPU
		{FBEA7D3D-549D-4DE4-A8A7-39672BC64B2E}.Debug|Any CPU.Build.0 = Debug|Any CPU
		{FBEA7D3D-549D-4DE4-A8A7-39672BC64B2E}.Release|Any CPU.ActiveCfg = Release|Any CPU
		{FBEA7D3D-549D-4DE4-A8A7-39672BC64B2E}.Release|Any CPU.Build.0 = Release|Any CPU
		{752EA373-74E6-4235-9573-7F05FDA84E05}.Debug|Any CPU.ActiveCfg = Debug|Any CPU
		{752EA373-74E6-4235-9573-7F05FDA84E05}.Debug|Any CPU.Build.0 = Debug|Any CPU
		{752EA373-74E6-4235-9573-7F05FDA84E05}.Release|Any CPU.ActiveCfg = Release|Any CPU
		{752EA373-74E6-4235-9573-7F05FDA84E05}.Release|Any CPU.Build.0 = Release|Any CPU
		{BD8F5559-6AAE-49C9-A4B3-0311B84A63C1}.Debug|Any CPU.ActiveCfg = Debug|Any CPU
		{BD8F5559-6AAE-49C9-A4B3-0311B84A63C1}.Debug|Any CPU.Build.0 = Debug|Any CPU
		{BD8F5559-6AAE-49C9-A4B3-0311B84A63C1}.Release|Any CPU.ActiveCfg = Release|Any CPU
		{BD8F5559-6AAE-49C9-A4B3-0311B84A63C1}.Release|Any CPU.Build.0 = Release|Any CPU
		{6A2EAC6F-2A3E-422F-A4B8-3987003549C6}.Debug|Any CPU.ActiveCfg = Debug|Any CPU
		{6A2EAC6F-2A3E-422F-A4B8-3987003549C6}.Debug|Any CPU.Build.0 = Debug|Any CPU
		{6A2EAC6F-2A3E-422F-A4B8-3987003549C6}.Release|Any CPU.ActiveCfg = Release|Any CPU
		{6A2EAC6F-2A3E-422F-A4B8-3987003549C6}.Release|Any CPU.Build.0 = Release|Any CPU
		{AD157727-47D5-4503-BB85-6ABDE6427F33}.Debug|Any CPU.ActiveCfg = Debug|Any CPU
		{AD157727-47D5-4503-BB85-6ABDE6427F33}.Debug|Any CPU.Build.0 = Debug|Any CPU
		{AD157727-47D5-4503-BB85-6ABDE6427F33}.Release|Any CPU.ActiveCfg = Release|Any CPU
		{AD157727-47D5-4503-BB85-6ABDE6427F33}.Release|Any CPU.Build.0 = Release|Any CPU
		{E1DB6EDB-163C-416A-8A83-15420288100B}.Debug|Any CPU.ActiveCfg = Debug|Any CPU
		{E1DB6EDB-163C-416A-8A83-15420288100B}.Debug|Any CPU.Build.0 = Debug|Any CPU
		{E1DB6EDB-163C-416A-8A83-15420288100B}.Release|Any CPU.ActiveCfg = Release|Any CPU
		{E1DB6EDB-163C-416A-8A83-15420288100B}.Release|Any CPU.Build.0 = Release|Any CPU
		{8B133BB1-6C19-4B42-90CA-98F476872B9D}.Debug|Any CPU.ActiveCfg = Debug|Any CPU
		{8B133BB1-6C19-4B42-90CA-98F476872B9D}.Debug|Any CPU.Build.0 = Debug|Any CPU
		{8B133BB1-6C19-4B42-90CA-98F476872B9D}.Release|Any CPU.ActiveCfg = Release|Any CPU
		{8B133BB1-6C19-4B42-90CA-98F476872B9D}.Release|Any CPU.Build.0 = Release|Any CPU
		{0E037156-EBF4-4AF5-B399-21A0E9351F33}.Debug|Any CPU.ActiveCfg = Debug|Any CPU
		{0E037156-EBF4-4AF5-B399-21A0E9351F33}.Debug|Any CPU.Build.0 = Debug|Any CPU
		{0E037156-EBF4-4AF5-B399-21A0E9351F33}.Release|Any CPU.ActiveCfg = Release|Any CPU
		{0E037156-EBF4-4AF5-B399-21A0E9351F33}.Release|Any CPU.Build.0 = Release|Any CPU
		{5CDD8E17-BF3F-479A-B87C-2D39EB7E2C35}.Debug|Any CPU.ActiveCfg = Debug|Any CPU
		{5CDD8E17-BF3F-479A-B87C-2D39EB7E2C35}.Debug|Any CPU.Build.0 = Debug|Any CPU
		{5CDD8E17-BF3F-479A-B87C-2D39EB7E2C35}.Release|Any CPU.ActiveCfg = Release|Any CPU
		{5CDD8E17-BF3F-479A-B87C-2D39EB7E2C35}.Release|Any CPU.Build.0 = Release|Any CPU
		{807B3F9A-8E19-4C52-B270-05F0DF76EB72}.Debug|Any CPU.ActiveCfg = Debug|Any CPU
		{807B3F9A-8E19-4C52-B270-05F0DF76EB72}.Debug|Any CPU.Build.0 = Debug|Any CPU
		{807B3F9A-8E19-4C52-B270-05F0DF76EB72}.Release|Any CPU.ActiveCfg = Release|Any CPU
		{807B3F9A-8E19-4C52-B270-05F0DF76EB72}.Release|Any CPU.Build.0 = Release|Any CPU
		{0978E49C-C57E-4DEF-90E4-17840AD7F918}.Debug|Any CPU.ActiveCfg = Debug|Any CPU
		{0978E49C-C57E-4DEF-90E4-17840AD7F918}.Debug|Any CPU.Build.0 = Debug|Any CPU
		{0978E49C-C57E-4DEF-90E4-17840AD7F918}.Release|Any CPU.ActiveCfg = Release|Any CPU
		{0978E49C-C57E-4DEF-90E4-17840AD7F918}.Release|Any CPU.Build.0 = Release|Any CPU
		{43CCF104-29BC-40D9-981F-A7A7BFD1B764}.Debug|Any CPU.ActiveCfg = Debug|Any CPU
		{43CCF104-29BC-40D9-981F-A7A7BFD1B764}.Debug|Any CPU.Build.0 = Debug|Any CPU
		{43CCF104-29BC-40D9-981F-A7A7BFD1B764}.Release|Any CPU.ActiveCfg = Release|Any CPU
		{43CCF104-29BC-40D9-981F-A7A7BFD1B764}.Release|Any CPU.Build.0 = Release|Any CPU
		{4B213B61-0A23-482E-992D-44DB2460C56A}.Debug|Any CPU.ActiveCfg = Debug|Any CPU
		{4B213B61-0A23-482E-992D-44DB2460C56A}.Debug|Any CPU.Build.0 = Debug|Any CPU
		{4B213B61-0A23-482E-992D-44DB2460C56A}.Release|Any CPU.ActiveCfg = Release|Any CPU
		{4B213B61-0A23-482E-992D-44DB2460C56A}.Release|Any CPU.Build.0 = Release|Any CPU
		{749F0F27-D2E7-4BDE-B953-746435006332}.Debug|Any CPU.ActiveCfg = Debug|Any CPU
		{749F0F27-D2E7-4BDE-B953-746435006332}.Debug|Any CPU.Build.0 = Debug|Any CPU
		{749F0F27-D2E7-4BDE-B953-746435006332}.Release|Any CPU.ActiveCfg = Release|Any CPU
		{749F0F27-D2E7-4BDE-B953-746435006332}.Release|Any CPU.Build.0 = Release|Any CPU
		{08EE52BF-1C21-4DD8-ADF3-9CB8B74511FD}.Debug|Any CPU.ActiveCfg = Debug|Any CPU
		{08EE52BF-1C21-4DD8-ADF3-9CB8B74511FD}.Debug|Any CPU.Build.0 = Debug|Any CPU
		{08EE52BF-1C21-4DD8-ADF3-9CB8B74511FD}.Release|Any CPU.ActiveCfg = Release|Any CPU
		{08EE52BF-1C21-4DD8-ADF3-9CB8B74511FD}.Release|Any CPU.Build.0 = Release|Any CPU
		{5AD1C4F4-A02F-4C27-B2FA-A534BF6E21C6}.Debug|Any CPU.ActiveCfg = Debug|Any CPU
		{5AD1C4F4-A02F-4C27-B2FA-A534BF6E21C6}.Debug|Any CPU.Build.0 = Debug|Any CPU
		{5AD1C4F4-A02F-4C27-B2FA-A534BF6E21C6}.Release|Any CPU.ActiveCfg = Release|Any CPU
		{5AD1C4F4-A02F-4C27-B2FA-A534BF6E21C6}.Release|Any CPU.Build.0 = Release|Any CPU
		{A782E3F8-3DCF-4208-A908-4C91ADEE4AEC}.Debug|Any CPU.ActiveCfg = Debug|Any CPU
		{A782E3F8-3DCF-4208-A908-4C91ADEE4AEC}.Debug|Any CPU.Build.0 = Debug|Any CPU
		{A782E3F8-3DCF-4208-A908-4C91ADEE4AEC}.Release|Any CPU.ActiveCfg = Release|Any CPU
		{A782E3F8-3DCF-4208-A908-4C91ADEE4AEC}.Release|Any CPU.Build.0 = Release|Any CPU
		{BE92D1C8-47ED-4467-B77B-3CEEAA91B154}.Debug|Any CPU.ActiveCfg = Debug|Any CPU
		{BE92D1C8-47ED-4467-B77B-3CEEAA91B154}.Debug|Any CPU.Build.0 = Debug|Any CPU
		{BE92D1C8-47ED-4467-B77B-3CEEAA91B154}.Release|Any CPU.ActiveCfg = Release|Any CPU
		{BE92D1C8-47ED-4467-B77B-3CEEAA91B154}.Release|Any CPU.Build.0 = Release|Any CPU
	EndGlobalSection
	GlobalSection(SolutionProperties) = preSolution
		HideSolutionNode = FALSE
	EndGlobalSection
	GlobalSection(NestedProjects) = preSolution
		{EE064F0C-EEAD-4D2E-9CFF-03562B616A46} = {8BA523EE-860E-412C-A5E3-8E0A52B56C9E}
		{1BE19C6A-79B1-4D1E-83C0-7D25304E6CF7} = {8BA523EE-860E-412C-A5E3-8E0A52B56C9E}
		{A28262EF-0238-4C00-AA6D-0638C3A82489} = {8BA523EE-860E-412C-A5E3-8E0A52B56C9E}
		{67803064-F6A0-497B-9E14-BDC16F2168F8} = {8BA523EE-860E-412C-A5E3-8E0A52B56C9E}
		{29A8CF40-EF20-4E43-8CED-8D902A81F269} = {8BA523EE-860E-412C-A5E3-8E0A52B56C9E}
		{51A7C1AC-B4CD-4213-88E8-E20335A86A28} = {AA29FDBC-9214-456F-853F-0D66FCAD4145}
		{3C93CBD3-2721-40A0-B59D-3A58AE993FBC} = {AA29FDBC-9214-456F-853F-0D66FCAD4145}
		{47FB6156-C10F-4413-9616-213F42580541} = {AA29FDBC-9214-456F-853F-0D66FCAD4145}
		{978DB0ED-10A6-4321-9CAD-D8D58F0AFDFD} = {AA29FDBC-9214-456F-853F-0D66FCAD4145}
		{785367D1-85B5-4788-A1B7-8BA89D7C46CC} = {AA29FDBC-9214-456F-853F-0D66FCAD4145}
		{6CC3330F-FBE3-4EF0-AA3C-9E379470C8CF} = {AA29FDBC-9214-456F-853F-0D66FCAD4145}
		{37678A6F-721F-44FB-92D3-489956DEE62B} = {AA29FDBC-9214-456F-853F-0D66FCAD4145}
		{3A9CFD2D-6213-4A8A-BA6A-BBD3E2F461DA} = {AA29FDBC-9214-456F-853F-0D66FCAD4145}
		{7B17E451-C416-46B3-9E5C-8540411891F6} = {AA29FDBC-9214-456F-853F-0D66FCAD4145}
		{3E1FA12E-E2E3-47F4-B43C-A735FA6634FD} = {AA29FDBC-9214-456F-853F-0D66FCAD4145}
		{E2A88C3B-65A4-48A7-AB94-B14094BA11F9} = {AA29FDBC-9214-456F-853F-0D66FCAD4145}
		{17F9A856-0D7A-4546-92F0-314BE624346A} = {AA29FDBC-9214-456F-853F-0D66FCAD4145}
		{7DD75D57-E660-4862-8E80-079B364854DB} = {AA29FDBC-9214-456F-853F-0D66FCAD4145}
		{BC813845-04A5-4CBD-9A0B-A2F8FDF79EA4} = {81842959-3519-445B-9B98-5D0C3F3F3D35}
		{7727EB84-5980-464D-90A0-B85138D7FD00} = {C426F8AF-54D1-43CB-8AA9-D820F69D3440}
		{0B83DBC8-4EB4-45A4-B2C8-6D2F27F149D1} = {C426F8AF-54D1-43CB-8AA9-D820F69D3440}
		{818D6A48-5031-4045-BDE7-FBA75B873F94} = {C426F8AF-54D1-43CB-8AA9-D820F69D3440}
		{F199E2D3-302C-494F-BBEC-47E475BF2A3E} = {C426F8AF-54D1-43CB-8AA9-D820F69D3440}
		{5397528F-9766-4D5F-9FDD-7CC4A3A2962E} = {C426F8AF-54D1-43CB-8AA9-D820F69D3440}
		{8FB77A99-F230-44A5-9AAE-17194B5E7660} = {C426F8AF-54D1-43CB-8AA9-D820F69D3440}
		{0773DF66-102D-4F44-AB95-3AEB93CD3FAB} = {C426F8AF-54D1-43CB-8AA9-D820F69D3440}
		{BFE0724F-5764-4A7E-8EFA-D613A2FF188F} = {C426F8AF-54D1-43CB-8AA9-D820F69D3440}
		{863E455E-C84E-4FE1-B9EA-2BDDBDFB5C9F} = {C426F8AF-54D1-43CB-8AA9-D820F69D3440}
		{7F6DE6FA-AC70-4BAA-B1B3-3252D0F934D9} = {C426F8AF-54D1-43CB-8AA9-D820F69D3440}
		{6149E4CC-5F9C-4E25-9B23-5CF7C5CBF7B6} = {C426F8AF-54D1-43CB-8AA9-D820F69D3440}
		{1E3C6B5F-C50F-4655-AEFA-FEFC6C1AB098} = {C426F8AF-54D1-43CB-8AA9-D820F69D3440}
		{1E7E9311-0BE9-4B49-AD64-0EFBB9E37955} = {C426F8AF-54D1-43CB-8AA9-D820F69D3440}
		{32F3C3C8-B820-458E-9704-924CAE8E7F64} = {C426F8AF-54D1-43CB-8AA9-D820F69D3440}
		{4D8988EC-7377-4F75-A8DA-320E6C24510A} = {C426F8AF-54D1-43CB-8AA9-D820F69D3440}
		{CE00FBCD-1B22-4046-AF0B-A9F539EEA163} = {C426F8AF-54D1-43CB-8AA9-D820F69D3440}
		{B8BAAEAF-988E-4B66-9152-9956A85808DA} = {A0AFD5AF-1FCA-44D5-8C07-8D953C223B6B}
		{ED3E1C3B-1CCE-42B1-977B-A82E7D7CF896} = {A0AFD5AF-1FCA-44D5-8C07-8D953C223B6B}
		{4E04272A-6CFA-4FBD-ADBD-531229D2B696} = {A0AFD5AF-1FCA-44D5-8C07-8D953C223B6B}
		{7578B780-97B3-4B1E-83DC-7F27DA3BA13C} = {A0AFD5AF-1FCA-44D5-8C07-8D953C223B6B}
		{44B362BB-4356-4F13-BB84-AA1F2BB0445D} = {A0AFD5AF-1FCA-44D5-8C07-8D953C223B6B}
		{FBEA7D3D-549D-4DE4-A8A7-39672BC64B2E} = {A0AFD5AF-1FCA-44D5-8C07-8D953C223B6B}
		{752EA373-74E6-4235-9573-7F05FDA84E05} = {A0AFD5AF-1FCA-44D5-8C07-8D953C223B6B}
		{BD8F5559-6AAE-49C9-A4B3-0311B84A63C1} = {A0AFD5AF-1FCA-44D5-8C07-8D953C223B6B}
		{6A2EAC6F-2A3E-422F-A4B8-3987003549C6} = {A0AFD5AF-1FCA-44D5-8C07-8D953C223B6B}
		{AD157727-47D5-4503-BB85-6ABDE6427F33} = {A0AFD5AF-1FCA-44D5-8C07-8D953C223B6B}
		{E1DB6EDB-163C-416A-8A83-15420288100B} = {E8298B3B-22D3-4D39-8EAA-F8AD195123FA}
		{8B133BB1-6C19-4B42-90CA-98F476872B9D} = {E8298B3B-22D3-4D39-8EAA-F8AD195123FA}
		{0E037156-EBF4-4AF5-B399-21A0E9351F33} = {E8298B3B-22D3-4D39-8EAA-F8AD195123FA}
		{5CDD8E17-BF3F-479A-B87C-2D39EB7E2C35} = {E8298B3B-22D3-4D39-8EAA-F8AD195123FA}
		{807B3F9A-8E19-4C52-B270-05F0DF76EB72} = {E8298B3B-22D3-4D39-8EAA-F8AD195123FA}
		{0978E49C-C57E-4DEF-90E4-17840AD7F918} = {E8298B3B-22D3-4D39-8EAA-F8AD195123FA}
		{43CCF104-29BC-40D9-981F-A7A7BFD1B764} = {E8298B3B-22D3-4D39-8EAA-F8AD195123FA}
		{4B213B61-0A23-482E-992D-44DB2460C56A} = {E8298B3B-22D3-4D39-8EAA-F8AD195123FA}
		{749F0F27-D2E7-4BDE-B953-746435006332} = {E8298B3B-22D3-4D39-8EAA-F8AD195123FA}
		{08EE52BF-1C21-4DD8-ADF3-9CB8B74511FD} = {E8298B3B-22D3-4D39-8EAA-F8AD195123FA}
		{5AD1C4F4-A02F-4C27-B2FA-A534BF6E21C6} = {E8298B3B-22D3-4D39-8EAA-F8AD195123FA}
		{A782E3F8-3DCF-4208-A908-4C91ADEE4AEC} = {E8298B3B-22D3-4D39-8EAA-F8AD195123FA}
		{BE92D1C8-47ED-4467-B77B-3CEEAA91B154} = {124742D3-DEA9-4506-BFA3-70C4D997AD44}
	EndGlobalSection
	GlobalSection(ExtensibilityGlobals) = postSolution
		SolutionGuid = {6563FAB4-C4AB-4542-878B-4826B1627A9B}
	EndGlobalSection
EndGlobal
