
Microsoft Visual Studio Solution File, Format Version 12.00
# Visual Studio Version 17
VisualStudioVersion = 17.8.34511.84
MinimumVisualStudioVersion = 10.0.40219.1
Project("{2150E333-8FDC-42A3-9474-1A3956D46DE8}") = "Task1", "Task1", "{7846B0F0-84E7-4D1A-962A-6E6ADE37B6C7}"
EndProject
Project("{2150E333-8FDC-42A3-9474-1A3956D46DE8}") = "Task2", "Task2", "{5D968569-6D3B-46A3-8A61-D375223058F9}"
EndProject
Project("{9A19103F-16F7-4668-BE54-9A1E7A4F7556}") = "Project1", "Project1\Project1.csproj", "{61A9F5D8-8C3F-4779-96CA-6B1783154A5D}"
EndProject
Project("{9A19103F-16F7-4668-BE54-9A1E7A4F7556}") = "Project2", "Project2\Project2.csproj", "{55886BE0-B4E4-4D8B-A3AA-295B5DE45683}"
EndProject
Project("{9A19103F-16F7-4668-BE54-9A1E7A4F7556}") = "Project3", "Project3\Project3.csproj", "{5B43EDF0-685D-407E-AFC5-001327B428C6}"
EndProject
Project("{9A19103F-16F7-4668-BE54-9A1E7A4F7556}") = "Project4", "Project4\Project4.csproj", "{8E786C5D-E8CA-482F-AAB8-344627B35CA1}"
EndProject
Project("{9A19103F-16F7-4668-BE54-9A1E7A4F7556}") = "Project5", "Project5\Project5.csproj", "{0FBEC7FF-3091-4B4A-BC01-8B3330BAD4CF}"
EndProject
Project("{FAE04EC0-301F-11D3-BF4B-00C04F79EFBC}") = "Project6", "Project6\Project6.csproj", "{E91521AC-ED4C-4473-B9B5-59A0F37D1BBC}"
EndProject
Project("{FAE04EC0-301F-11D3-BF4B-00C04F79EFBC}") = "Project7", "Project7\Project7.csproj", "{DC0F42EB-42B3-4CBB-BCA0-D3C6A0AD1D84}"
EndProject
Project("{FAE04EC0-301F-11D3-BF4B-00C04F79EFBC}") = "Project8", "Project8\Project8.csproj", "{70F7FAF3-C7EC-497C-AF57-12CBEEC6A290}"
EndProject
Project("{FAE04EC0-301F-11D3-BF4B-00C04F79EFBC}") = "Project9", "Project9\Project9.csproj", "{3685C6F4-7DB3-4823-960E-702A84605EEC}"
EndProject
Global
	GlobalSection(SolutionConfigurationPlatforms) = preSolution
		Debug|Any CPU = Debug|Any CPU
		Release|Any CPU = Release|Any CPU
	EndGlobalSection
	GlobalSection(ProjectConfigurationPlatforms) = postSolution
		{61A9F5D8-8C3F-4779-96CA-6B1783154A5D}.Debug|Any CPU.ActiveCfg = Debug|Any CPU
		{61A9F5D8-8C3F-4779-96CA-6B1783154A5D}.Debug|Any CPU.Build.0 = Debug|Any CPU
		{61A9F5D8-8C3F-4779-96CA-6B1783154A5D}.Release|Any CPU.ActiveCfg = Release|Any CPU
		{61A9F5D8-8C3F-4779-96CA-6B1783154A5D}.Release|Any CPU.Build.0 = Release|Any CPU
		{55886BE0-B4E4-4D8B-A3AA-295B5DE45683}.Debug|Any CPU.ActiveCfg = Debug|Any CPU
		{55886BE0-B4E4-4D8B-A3AA-295B5DE45683}.Debug|Any CPU.Build.0 = Debug|Any CPU
		{55886BE0-B4E4-4D8B-A3AA-295B5DE45683}.Release|Any CPU.ActiveCfg = Release|Any CPU
		{55886BE0-B4E4-4D8B-A3AA-295B5DE45683}.Release|Any CPU.Build.0 = Release|Any CPU
		{5B43EDF0-685D-407E-AFC5-001327B428C6}.Debug|Any CPU.ActiveCfg = Debug|Any CPU
		{5B43EDF0-685D-407E-AFC5-001327B428C6}.Debug|Any CPU.Build.0 = Debug|Any CPU
		{5B43EDF0-685D-407E-AFC5-001327B428C6}.Release|Any CPU.ActiveCfg = Release|Any CPU
		{5B43EDF0-685D-407E-AFC5-001327B428C6}.Release|Any CPU.Build.0 = Release|Any CPU
		{8E786C5D-E8CA-482F-AAB8-344627B35CA1}.Debug|Any CPU.ActiveCfg = Debug|Any CPU
		{8E786C5D-E8CA-482F-AAB8-344627B35CA1}.Debug|Any CPU.Build.0 = Debug|Any CPU
		{8E786C5D-E8CA-482F-AAB8-344627B35CA1}.Release|Any CPU.ActiveCfg = Release|Any CPU
		{8E786C5D-E8CA-482F-AAB8-344627B35CA1}.Release|Any CPU.Build.0 = Release|Any CPU
		{0FBEC7FF-3091-4B4A-BC01-8B3330BAD4CF}.Debug|Any CPU.ActiveCfg = Debug|Any CPU
		{0FBEC7FF-3091-4B4A-BC01-8B3330BAD4CF}.Debug|Any CPU.Build.0 = Debug|Any CPU
		{0FBEC7FF-3091-4B4A-BC01-8B3330BAD4CF}.Release|Any CPU.ActiveCfg = Release|Any CPU
		{0FBEC7FF-3091-4B4A-BC01-8B3330BAD4CF}.Release|Any CPU.Build.0 = Release|Any CPU
		{E91521AC-ED4C-4473-B9B5-59A0F37D1BBC}.Debug|Any CPU.ActiveCfg = Debug|Any CPU
		{E91521AC-ED4C-4473-B9B5-59A0F37D1BBC}.Debug|Any CPU.Build.0 = Debug|Any CPU
		{E91521AC-ED4C-4473-B9B5-59A0F37D1BBC}.Release|Any CPU.ActiveCfg = Release|Any CPU
		{E91521AC-ED4C-4473-B9B5-59A0F37D1BBC}.Release|Any CPU.Build.0 = Release|Any CPU
		{DC0F42EB-42B3-4CBB-BCA0-D3C6A0AD1D84}.Debug|Any CPU.ActiveCfg = Debug|Any CPU
		{DC0F42EB-42B3-4CBB-BCA0-D3C6A0AD1D84}.Debug|Any CPU.Build.0 = Debug|Any CPU
		{DC0F42EB-42B3-4CBB-BCA0-D3C6A0AD1D84}.Release|Any CPU.ActiveCfg = Release|Any CPU
		{DC0F42EB-42B3-4CBB-BCA0-D3C6A0AD1D84}.Release|Any CPU.Build.0 = Release|Any CPU
		{70F7FAF3-C7EC-497C-AF57-12CBEEC6A290}.Debug|Any CPU.ActiveCfg = Debug|Any CPU
		{70F7FAF3-C7EC-497C-AF57-12CBEEC6A290}.Debug|Any CPU.Build.0 = Debug|Any CPU
		{70F7FAF3-C7EC-497C-AF57-12CBEEC6A290}.Release|Any CPU.ActiveCfg = Release|Any CPU
		{70F7FAF3-C7EC-497C-AF57-12CBEEC6A290}.Release|Any CPU.Build.0 = Release|Any CPU
		{3685C6F4-7DB3-4823-960E-702A84605EEC}.Debug|Any CPU.ActiveCfg = Debug|Any CPU
		{3685C6F4-7DB3-4823-960E-702A84605EEC}.Debug|Any CPU.Build.0 = Debug|Any CPU
		{3685C6F4-7DB3-4823-960E-702A84605EEC}.Release|Any CPU.ActiveCfg = Release|Any CPU
		{3685C6F4-7DB3-4823-960E-702A84605EEC}.Release|Any CPU.Build.0 = Release|Any CPU
	EndGlobalSection
	GlobalSection(SolutionProperties) = preSolution
		HideSolutionNode = FALSE
	EndGlobalSection
	GlobalSection(NestedProjects) = preSolution
		{61A9F5D8-8C3F-4779-96CA-6B1783154A5D} = {7846B0F0-84E7-4D1A-962A-6E6ADE37B6C7}
		{55886BE0-B4E4-4D8B-A3AA-295B5DE45683} = {7846B0F0-84E7-4D1A-962A-6E6ADE37B6C7}
		{5B43EDF0-685D-407E-AFC5-001327B428C6} = {7846B0F0-84E7-4D1A-962A-6E6ADE37B6C7}
		{8E786C5D-E8CA-482F-AAB8-344627B35CA1} = {7846B0F0-84E7-4D1A-962A-6E6ADE37B6C7}
		{0FBEC7FF-3091-4B4A-BC01-8B3330BAD4CF} = {5D968569-6D3B-46A3-8A61-D375223058F9}
		{E91521AC-ED4C-4473-B9B5-59A0F37D1BBC} = {5D968569-6D3B-46A3-8A61-D375223058F9}
		{DC0F42EB-42B3-4CBB-BCA0-D3C6A0AD1D84} = {5D968569-6D3B-46A3-8A61-D375223058F9}
		{70F7FAF3-C7EC-497C-AF57-12CBEEC6A290} = {5D968569-6D3B-46A3-8A61-D375223058F9}
		{3685C6F4-7DB3-4823-960E-702A84605EEC} = {5D968569-6D3B-46A3-8A61-D375223058F9}
	EndGlobalSection
	GlobalSection(ExtensibilityGlobals) = postSolution
		SolutionGuid = {578CC126-3F1A-462C-84DB-BFA98E2E3863}
	EndGlobalSection
EndGlobal
